
Microsoft Visual Studio Solution File, Format Version 12.00
# Visual Studio Version 17
VisualStudioVersion = 17.5.33516.290
MinimumVisualStudioVersion = 10.0.40219.1
Project("{FAE04EC0-301F-11D3-BF4B-00C04F79EFBC}") = "1. Two sum", "1. Two sum\1. Two sum.csproj", "{0853CD71-8C10-4C93-B595-23E00E1CCC93}"
EndProject
Project("{FAE04EC0-301F-11D3-BF4B-00C04F79EFBC}") = "2. Add Two Numbers", "2.   Add Two Numbers\2. Add Two Numbers.csproj", "{4EF37657-F167-4955-A486-0079A3ED8D1D}"
EndProject
Project("{FAE04EC0-301F-11D3-BF4B-00C04F79EFBC}") = "3. Longest Substring Without Repeating Characters", "3. Longest Substring Without Repeating Characters\3. Longest Substring Without Repeating Characters.csproj", "{E49583CE-2980-4B5B-941B-B5FBE3C740D8}"
EndProject
Project("{FAE04EC0-301F-11D3-BF4B-00C04F79EFBC}") = "9. Palindrome Number", "9. Palindrome Number\9. Palindrome Number.csproj", "{D3AFCA75-EB9A-411B-BCCF-A73AA02EF3AE}"
EndProject
Global
	GlobalSection(SolutionConfigurationPlatforms) = preSolution
		Debug|Any CPU = Debug|Any CPU
		Release|Any CPU = Release|Any CPU
	EndGlobalSection
	GlobalSection(ProjectConfigurationPlatforms) = postSolution
		{0853CD71-8C10-4C93-B595-23E00E1CCC93}.Debug|Any CPU.ActiveCfg = Debug|Any CPU
		{0853CD71-8C10-4C93-B595-23E00E1CCC93}.Debug|Any CPU.Build.0 = Debug|Any CPU
		{0853CD71-8C10-4C93-B595-23E00E1CCC93}.Release|Any CPU.ActiveCfg = Release|Any CPU
		{0853CD71-8C10-4C93-B595-23E00E1CCC93}.Release|Any CPU.Build.0 = Release|Any CPU
		{4EF37657-F167-4955-A486-0079A3ED8D1D}.Debug|Any CPU.ActiveCfg = Debug|Any CPU
		{4EF37657-F167-4955-A486-0079A3ED8D1D}.Debug|Any CPU.Build.0 = Debug|Any CPU
		{4EF37657-F167-4955-A486-0079A3ED8D1D}.Release|Any CPU.ActiveCfg = Release|Any CPU
		{4EF37657-F167-4955-A486-0079A3ED8D1D}.Release|Any CPU.Build.0 = Release|Any CPU
		{E49583CE-2980-4B5B-941B-B5FBE3C740D8}.Debug|Any CPU.ActiveCfg = Debug|Any CPU
		{E49583CE-2980-4B5B-941B-B5FBE3C740D8}.Debug|Any CPU.Build.0 = Debug|Any CPU
		{E49583CE-2980-4B5B-941B-B5FBE3C740D8}.Release|Any CPU.ActiveCfg = Release|Any CPU
		{E49583CE-2980-4B5B-941B-B5FBE3C740D8}.Release|Any CPU.Build.0 = Release|Any CPU
		{D3AFCA75-EB9A-411B-BCCF-A73AA02EF3AE}.Debug|Any CPU.ActiveCfg = Debug|Any CPU
		{D3AFCA75-EB9A-411B-BCCF-A73AA02EF3AE}.Debug|Any CPU.Build.0 = Debug|Any CPU
		{D3AFCA75-EB9A-411B-BCCF-A73AA02EF3AE}.Release|Any CPU.ActiveCfg = Release|Any CPU
		{D3AFCA75-EB9A-411B-BCCF-A73AA02EF3AE}.Release|Any CPU.Build.0 = Release|Any CPU
	EndGlobalSection
	GlobalSection(SolutionProperties) = preSolution
		HideSolutionNode = FALSE
	EndGlobalSection
	GlobalSection(ExtensibilityGlobals) = postSolution
		SolutionGuid = {EED22A1F-B3A6-409B-9A80-2D3EB0FE764A}
	EndGlobalSection
EndGlobal
